
Microsoft Visual Studio Solution File, Format Version 12.00
# Visual Studio 15
VisualStudioVersion = 15.0.33423.255
MinimumVisualStudioVersion = 10.0.40219.1
Project("{FAE04EC0-301F-11D3-BF4B-00C04F79EFBC}") = "RCIPGISWFrontEnd", "RCIPGISWFrontEnd\RCIPGISWFrontEnd.csproj", "{D7DF069A-F720-413F-9507-CA6798103481}"
EndProject
Global
	GlobalSection(SolutionConfigurationPlatforms) = preSolution
		Debug|Any CPU = Debug|Any CPU
		Release|Any CPU = Release|Any CPU
	EndGlobalSection
	GlobalSection(ProjectConfigurationPlatforms) = postSolution
		{D7DF069A-F720-413F-9507-CA6798103481}.Debug|Any CPU.ActiveCfg = Debug|Any CPU
		{D7DF069A-F720-413F-9507-CA6798103481}.Debug|Any CPU.Build.0 = Debug|Any CPU
		{D7DF069A-F720-413F-9507-CA6798103481}.Release|Any CPU.ActiveCfg = Release|Any CPU
		{D7DF069A-F720-413F-9507-CA6798103481}.Release|Any CPU.Build.0 = Release|Any CPU
	EndGlobalSection
	GlobalSection(SolutionProperties) = preSolution
		HideSolutionNode = FALSE
	EndGlobalSection
	GlobalSection(ExtensibilityGlobals) = postSolution
		SolutionGuid = {31FEDEBE-85F0-4965-92D3-7BEC621F96C1}
	EndGlobalSection
EndGlobal
